
Microsoft Visual Studio Solution File, Format Version 12.00
# Visual Studio 15
VisualStudioVersion = 15.0.27428.2027
MinimumVisualStudioVersion = 10.0.40219.1
Project("{9A19103F-16F7-4668-BE54-9A1E7A4F7556}") = "Useful", "Useful\Useful.csproj", "{79E3B86E-C6DD-4A84-97D9-14A51B0E4B58}"
EndProject
Project("{9A19103F-16F7-4668-BE54-9A1E7A4F7556}") = "Useful.Tests", "Useful.Tests\Useful.Tests.csproj", "{60D7F2C8-E11D-4BE9-B521-5C91F2CD2E9B}"
EndProject
Project("{2150E333-8FDC-42A3-9474-1A3956D46DE8}") = "SolutionItems", "SolutionItems", "{38188EF0-E0FC-4755-A77F-D78A91B12BB8}"
	ProjectSection(SolutionItems) = preProject
		.gitignore = .gitignore
		readme.md = readme.md
	EndProjectSection
EndProject
Global
	GlobalSection(SolutionConfigurationPlatforms) = preSolution
		Debug|Any CPU = Debug|Any CPU
		Release|Any CPU = Release|Any CPU
	EndGlobalSection
	GlobalSection(ProjectConfigurationPlatforms) = postSolution
		{79E3B86E-C6DD-4A84-97D9-14A51B0E4B58}.Debug|Any CPU.ActiveCfg = Debug|Any CPU
		{79E3B86E-C6DD-4A84-97D9-14A51B0E4B58}.Debug|Any CPU.Build.0 = Debug|Any CPU
		{79E3B86E-C6DD-4A84-97D9-14A51B0E4B58}.Release|Any CPU.ActiveCfg = Release|Any CPU
		{79E3B86E-C6DD-4A84-97D9-14A51B0E4B58}.Release|Any CPU.Build.0 = Release|Any CPU
		{60D7F2C8-E11D-4BE9-B521-5C91F2CD2E9B}.Debug|Any CPU.ActiveCfg = Debug|Any CPU
		{60D7F2C8-E11D-4BE9-B521-5C91F2CD2E9B}.Debug|Any CPU.Build.0 = Debug|Any CPU
		{60D7F2C8-E11D-4BE9-B521-5C91F2CD2E9B}.Release|Any CPU.ActiveCfg = Release|Any CPU
		{60D7F2C8-E11D-4BE9-B521-5C91F2CD2E9B}.Release|Any CPU.Build.0 = Release|Any CPU
	EndGlobalSection
	GlobalSection(SolutionProperties) = preSolution
		HideSolutionNode = FALSE
	EndGlobalSection
	GlobalSection(ExtensibilityGlobals) = postSolution
		SolutionGuid = {65892506-0666-4050-A61B-359AA613C28E}
	EndGlobalSection
EndGlobal
